// !$*UTF8*$!
{
	archiveVersion = 1;
	classes = {
	};
	objectVersion = 56;
	objects = {

/* Begin PBXBuildFile section */
		7F2B229229AB8E1100618B4A /* DatePickerView.swift in Sources */ = {isa = PBXBuildFile; fileRef = 7F2B229129AB8E1100618B4A /* DatePickerView.swift */; };
		7F2B229429DC644E00618B4A /* OwnerRegisterDeviceView.swift in Sources */ = {isa = PBXBuildFile; fileRef = 7F2B229329DC644D00618B4A /* OwnerRegisterDeviceView.swift */; };
		7F50FA1529F7E2A700CD3CA6 /* UserDefault+Ext.swift in Sources */ = {isa = PBXBuildFile; fileRef = 7F50FA1429F7E2A700CD3CA6 /* UserDefault+Ext.swift */; };
		7F50FA1729F8F1C800CD3CA6 /* FirebaseEmailAuthUI in Frameworks */ = {isa = PBXBuildFile; productRef = 7F50FA1629F8F1C800CD3CA6 /* FirebaseEmailAuthUI */; };
		7F50FA1929F8F82200CD3CA6 /* OwnerRegisterNewOwnerSettingView.swift in Sources */ = {isa = PBXBuildFile; fileRef = 7F50FA1829F8F82200CD3CA6 /* OwnerRegisterNewOwnerSettingView.swift */; };
		7F6593F329990F5B006C2E61 /* Filter.swift in Sources */ = {isa = PBXBuildFile; fileRef = 7F6593F229990F5B006C2E61 /* Filter.swift */; };
		7F6593F529990F8C006C2E61 /* PulseDetector.swift in Sources */ = {isa = PBXBuildFile; fileRef = 7F6593F429990F8C006C2E61 /* PulseDetector.swift */; };
		7F6593F729990FBA006C2E61 /* HeartRateManager.swift in Sources */ = {isa = PBXBuildFile; fileRef = 7F6593F629990FBA006C2E61 /* HeartRateManager.swift */; };
		7F6593F929990FDF006C2E61 /* ColorUtils.swift in Sources */ = {isa = PBXBuildFile; fileRef = 7F6593F829990FDF006C2E61 /* ColorUtils.swift */; };
		7F6593FB2999100F006C2E61 /* PulseViewController.swift in Sources */ = {isa = PBXBuildFile; fileRef = 7F6593FA2999100F006C2E61 /* PulseViewController.swift */; };
		7F6593FD29991124006C2E61 /* AVCaptureDevice+Ext.swift in Sources */ = {isa = PBXBuildFile; fileRef = 7F6593FC29991124006C2E61 /* AVCaptureDevice+Ext.swift */; };
		7F83F6D52A0DD85E007EA661 /* Key.swift in Sources */ = {isa = PBXBuildFile; fileRef = 7F83F6D42A0DD85E007EA661 /* Key.swift */; };
		7F84598729E4595500464BD9 /* OwnerSelectRegisterView.swift in Sources */ = {isa = PBXBuildFile; fileRef = 7F84598629E4595500464BD9 /* OwnerSelectRegisterView.swift */; };
		7FFA0C63296BDC2700E2BC27 /* OwnerCommunicationHelperAppApp.swift in Sources */ = {isa = PBXBuildFile; fileRef = 7FFA0C62296BDC2700E2BC27 /* OwnerCommunicationHelperAppApp.swift */; };
		7FFA0C65296BDC2700E2BC27 /* ContentView.swift in Sources */ = {isa = PBXBuildFile; fileRef = 7FFA0C64296BDC2700E2BC27 /* ContentView.swift */; };
		7FFA0C67296BDC3200E2BC27 /* Assets.xcassets in Resources */ = {isa = PBXBuildFile; fileRef = 7FFA0C66296BDC3200E2BC27 /* Assets.xcassets */; };
		7FFA0C6A296BDC3200E2BC27 /* Preview Assets.xcassets in Resources */ = {isa = PBXBuildFile; fileRef = 7FFA0C69296BDC3200E2BC27 /* Preview Assets.xcassets */; };
		7FFA0C72296BDE7200E2BC27 /* ComposableArchitecture in Frameworks */ = {isa = PBXBuildFile; productRef = 7FFA0C71296BDE7200E2BC27 /* ComposableArchitecture */; };
		7FFA0C74296BDE7200E2BC27 /* Dependencies in Frameworks */ = {isa = PBXBuildFile; productRef = 7FFA0C73296BDE7200E2BC27 /* Dependencies */; };
		7FFA0C76296BDF3300E2BC27 /* OwnerSettingTopView.swift in Sources */ = {isa = PBXBuildFile; fileRef = 7FFA0C75296BDF3300E2BC27 /* OwnerSettingTopView.swift */; };
		7FFA0C78296BDF5B00E2BC27 /* OwnerManageStaffTopView.swift in Sources */ = {isa = PBXBuildFile; fileRef = 7FFA0C77296BDF5B00E2BC27 /* OwnerManageStaffTopView.swift */; };
		7FFA0C7A296BDF7000E2BC27 /* OwnerManageWorkerTopView.swift in Sources */ = {isa = PBXBuildFile; fileRef = 7FFA0C79296BDF7000E2BC27 /* OwnerManageWorkerTopView.swift */; };
		7FFA0C7C296BDFD200E2BC27 /* OwnerTopView.swift in Sources */ = {isa = PBXBuildFile; fileRef = 7FFA0C7B296BDFD200E2BC27 /* OwnerTopView.swift */; };
		7FFA0C7F296BE1E100E2BC27 /* AltimatorManager.swift in Sources */ = {isa = PBXBuildFile; fileRef = 7FFA0C7E296BE1E100E2BC27 /* AltimatorManager.swift */; };
		7FFA0C82296BF1AB00E2BC27 /* FirebaseAuthUI in Frameworks */ = {isa = PBXBuildFile; productRef = 7FFA0C81296BF1AA00E2BC27 /* FirebaseAuthUI */; };
		7FFA0C84296BF1AB00E2BC27 /* FirebaseGoogleAuthUI in Frameworks */ = {isa = PBXBuildFile; productRef = 7FFA0C83296BF1AB00E2BC27 /* FirebaseGoogleAuthUI */; };
		7FFA0C86296BF1AB00E2BC27 /* FirebaseOAuthUI in Frameworks */ = {isa = PBXBuildFile; productRef = 7FFA0C85296BF1AB00E2BC27 /* FirebaseOAuthUI */; };
		7FFA0C89296BF41300E2BC27 /* FirebaseCrashlytics in Frameworks */ = {isa = PBXBuildFile; productRef = 7FFA0C88296BF41300E2BC27 /* FirebaseCrashlytics */; };
		7FFA0C8B296BF41300E2BC27 /* FirebaseFirestore in Frameworks */ = {isa = PBXBuildFile; productRef = 7FFA0C8A296BF41300E2BC27 /* FirebaseFirestore */; };
		7FFA0C8D296BF41400E2BC27 /* FirebaseFirestoreCombine-Community in Frameworks */ = {isa = PBXBuildFile; productRef = 7FFA0C8C296BF41400E2BC27 /* FirebaseFirestoreCombine-Community */; };
		7FFA0C8F296BF41400E2BC27 /* FirebaseFunctions in Frameworks */ = {isa = PBXBuildFile; productRef = 7FFA0C8E296BF41400E2BC27 /* FirebaseFunctions */; };
		7FFA0C91296BF41500E2BC27 /* FirebaseFunctionsCombine-Community in Frameworks */ = {isa = PBXBuildFile; productRef = 7FFA0C90296BF41500E2BC27 /* FirebaseFunctionsCombine-Community */; };
		7FFA0CCE296BFAD400E2BC27 /* OwnerTopCore.swift in Sources */ = {isa = PBXBuildFile; fileRef = 7FFA0CCD296BFAD400E2BC27 /* OwnerTopCore.swift */; };
		7FFA0CD0296BFB6600E2BC27 /* OwnerSettingTopCore.swift in Sources */ = {isa = PBXBuildFile; fileRef = 7FFA0CCF296BFB6600E2BC27 /* OwnerSettingTopCore.swift */; };
		7FFA0CD2296C00AF00E2BC27 /* Constants.swift in Sources */ = {isa = PBXBuildFile; fileRef = 7FFA0CD1296C00AF00E2BC27 /* Constants.swift */; };
		7FFA0CD4296C019A00E2BC27 /* OwnerSettingOperatingTimeView.swift in Sources */ = {isa = PBXBuildFile; fileRef = 7FFA0CD3296C019A00E2BC27 /* OwnerSettingOperatingTimeView.swift */; };
		7FFA0CD6296C01DC00E2BC27 /* CommonText.swift in Sources */ = {isa = PBXBuildFile; fileRef = 7FFA0CD5296C01DC00E2BC27 /* CommonText.swift */; };
		7FFA0CD8296C03F800E2BC27 /* OwnerSettingPressureView.swift in Sources */ = {isa = PBXBuildFile; fileRef = 7FFA0CD7296C03F800E2BC27 /* OwnerSettingPressureView.swift */; };
		7FFA0CDA296C053700E2BC27 /* OwnerSettingSubscriptionView.swift in Sources */ = {isa = PBXBuildFile; fileRef = 7FFA0CD9296C053700E2BC27 /* OwnerSettingSubscriptionView.swift */; };
		7FFA0CDC296C0BB500E2BC27 /* FirebaseUIView.swift in Sources */ = {isa = PBXBuildFile; fileRef = 7FFA0CDB296C0BB500E2BC27 /* FirebaseUIView.swift */; };
		7FFA0CE0296C47D100E2BC27 /* GoogleService-Info.plist in Resources */ = {isa = PBXBuildFile; fileRef = 7FFA0CDF296C47CD00E2BC27 /* GoogleService-Info.plist */; };
		7FFA0CE3297048BF00E2BC27 /* QRCodeGenerator.swift in Sources */ = {isa = PBXBuildFile; fileRef = 7FFA0CE2297048BE00E2BC27 /* QRCodeGenerator.swift */; };
		7FFA0CE529705D1900E2BC27 /* QrCodeScannerView.swift in Sources */ = {isa = PBXBuildFile; fileRef = 7FFA0CE429705D1900E2BC27 /* QrCodeScannerView.swift */; };
		7FFA0CE82972EE8C00E2BC27 /* Message.swift in Sources */ = {isa = PBXBuildFile; fileRef = 7FFA0CE72972EE8C00E2BC27 /* Message.swift */; };
		7FFA0CEA2972EF5000E2BC27 /* MessageBubble.swift in Sources */ = {isa = PBXBuildFile; fileRef = 7FFA0CE92972EF5000E2BC27 /* MessageBubble.swift */; };
		7FFA0CEC2972F1DC00E2BC27 /* MessageField.swift in Sources */ = {isa = PBXBuildFile; fileRef = 7FFA0CEB2972F1DC00E2BC27 /* MessageField.swift */; };
		7FFA0CEF2972F2A400E2BC27 /* FirebaseFirestoreSwift in Frameworks */ = {isa = PBXBuildFile; productRef = 7FFA0CEE2972F2A400E2BC27 /* FirebaseFirestoreSwift */; };
		7FFA0CF12972F2C500E2BC27 /* MessagesManager.swift in Sources */ = {isa = PBXBuildFile; fileRef = 7FFA0CF02972F2C500E2BC27 /* MessagesManager.swift */; };
		7FFA0CF3297437B700E2BC27 /* OwnerChatTopView.swift in Sources */ = {isa = PBXBuildFile; fileRef = 7FFA0CF2297437B700E2BC27 /* OwnerChatTopView.swift */; };
		7FFA0CF52976EA5700E2BC27 /* OwnerManageStaffCellView.swift in Sources */ = {isa = PBXBuildFile; fileRef = 7FFA0CF42976EA5700E2BC27 /* OwnerManageStaffCellView.swift */; };
		7FFA0CF72976EBEB00E2BC27 /* OwnerManageWorkerCellView.swift in Sources */ = {isa = PBXBuildFile; fileRef = 7FFA0CF62976EBEB00E2BC27 /* OwnerManageWorkerCellView.swift */; };
		7FFA0CF92978353B00E2BC27 /* OwnerChatTalkListView.swift in Sources */ = {isa = PBXBuildFile; fileRef = 7FFA0CF82978353B00E2BC27 /* OwnerChatTalkListView.swift */; };
		7FFA0CFB2978370D00E2BC27 /* Worker.swift in Sources */ = {isa = PBXBuildFile; fileRef = 7FFA0CFA2978370D00E2BC27 /* Worker.swift */; };
		7FFA0CFD297BE3EC00E2BC27 /* OwnerRegisterWorkerView.swift in Sources */ = {isa = PBXBuildFile; fileRef = 7FFA0CFC297BE3EB00E2BC27 /* OwnerRegisterWorkerView.swift */; };
		7FFA0CFF297BF12200E2BC27 /* OwnerManagerWorkerQRCodeView.swift in Sources */ = {isa = PBXBuildFile; fileRef = 7FFA0CFE297BF12200E2BC27 /* OwnerManagerWorkerQRCodeView.swift */; };
		7FFA0D01297C257800E2BC27 /* OwnerQrScanCore.swift in Sources */ = {isa = PBXBuildFile; fileRef = 7FFA0D00297C257800E2BC27 /* OwnerQrScanCore.swift */; };
		7FFA0D03297C2A8E00E2BC27 /* OwnerScanQrCodeView.swift in Sources */ = {isa = PBXBuildFile; fileRef = 7FFA0D02297C2A8E00E2BC27 /* OwnerScanQrCodeView.swift */; };
		7FFA0D05298026B800E2BC27 /* Owner.swift in Sources */ = {isa = PBXBuildFile; fileRef = 7FFA0D04298026B800E2BC27 /* Owner.swift */; };
/* End PBXBuildFile section */

/* Begin PBXFileReference section */
		7F2B229129AB8E1100618B4A /* DatePickerView.swift */ = {isa = PBXFileReference; lastKnownFileType = sourcecode.swift; path = DatePickerView.swift; sourceTree = "<group>"; };
		7F2B229329DC644D00618B4A /* OwnerRegisterDeviceView.swift */ = {isa = PBXFileReference; lastKnownFileType = sourcecode.swift; path = OwnerRegisterDeviceView.swift; sourceTree = "<group>"; };
		7F50FA1429F7E2A700CD3CA6 /* UserDefault+Ext.swift */ = {isa = PBXFileReference; lastKnownFileType = sourcecode.swift; path = "UserDefault+Ext.swift"; sourceTree = "<group>"; };
		7F50FA1829F8F82200CD3CA6 /* OwnerRegisterNewOwnerSettingView.swift */ = {isa = PBXFileReference; lastKnownFileType = sourcecode.swift; path = OwnerRegisterNewOwnerSettingView.swift; sourceTree = "<group>"; };
		7F6593EA298BF02B006C2E61 /* OwnerCommunicationHelperApp.entitlements */ = {isa = PBXFileReference; lastKnownFileType = text.plist.entitlements; path = OwnerCommunicationHelperApp.entitlements; sourceTree = "<group>"; };
		7F6593F229990F5B006C2E61 /* Filter.swift */ = {isa = PBXFileReference; lastKnownFileType = sourcecode.swift; path = Filter.swift; sourceTree = "<group>"; };
		7F6593F429990F8C006C2E61 /* PulseDetector.swift */ = {isa = PBXFileReference; lastKnownFileType = sourcecode.swift; path = PulseDetector.swift; sourceTree = "<group>"; };
		7F6593F629990FBA006C2E61 /* HeartRateManager.swift */ = {isa = PBXFileReference; lastKnownFileType = sourcecode.swift; path = HeartRateManager.swift; sourceTree = "<group>"; };
		7F6593F829990FDF006C2E61 /* ColorUtils.swift */ = {isa = PBXFileReference; lastKnownFileType = sourcecode.swift; path = ColorUtils.swift; sourceTree = "<group>"; };
		7F6593FA2999100F006C2E61 /* PulseViewController.swift */ = {isa = PBXFileReference; lastKnownFileType = sourcecode.swift; path = PulseViewController.swift; sourceTree = "<group>"; };
		7F6593FC29991124006C2E61 /* AVCaptureDevice+Ext.swift */ = {isa = PBXFileReference; lastKnownFileType = sourcecode.swift; path = "AVCaptureDevice+Ext.swift"; sourceTree = "<group>"; };
		7F83F6D42A0DD85E007EA661 /* Key.swift */ = {isa = PBXFileReference; lastKnownFileType = sourcecode.swift; path = Key.swift; sourceTree = "<group>"; };
		7F84598629E4595500464BD9 /* OwnerSelectRegisterView.swift */ = {isa = PBXFileReference; lastKnownFileType = sourcecode.swift; path = OwnerSelectRegisterView.swift; sourceTree = "<group>"; };
		7FFA0C5F296BDC2700E2BC27 /* OwnerCommunicationHelperApp.app */ = {isa = PBXFileReference; explicitFileType = wrapper.application; includeInIndex = 0; path = OwnerCommunicationHelperApp.app; sourceTree = BUILT_PRODUCTS_DIR; };
		7FFA0C62296BDC2700E2BC27 /* OwnerCommunicationHelperAppApp.swift */ = {isa = PBXFileReference; lastKnownFileType = sourcecode.swift; path = OwnerCommunicationHelperAppApp.swift; sourceTree = "<group>"; };
		7FFA0C64296BDC2700E2BC27 /* ContentView.swift */ = {isa = PBXFileReference; lastKnownFileType = sourcecode.swift; path = ContentView.swift; sourceTree = "<group>"; };
		7FFA0C66296BDC3200E2BC27 /* Assets.xcassets */ = {isa = PBXFileReference; lastKnownFileType = folder.assetcatalog; path = Assets.xcassets; sourceTree = "<group>"; };
		7FFA0C69296BDC3200E2BC27 /* Preview Assets.xcassets */ = {isa = PBXFileReference; lastKnownFileType = folder.assetcatalog; path = "Preview Assets.xcassets"; sourceTree = "<group>"; };
		7FFA0C75296BDF3300E2BC27 /* OwnerSettingTopView.swift */ = {isa = PBXFileReference; lastKnownFileType = sourcecode.swift; path = OwnerSettingTopView.swift; sourceTree = "<group>"; };
		7FFA0C77296BDF5B00E2BC27 /* OwnerManageStaffTopView.swift */ = {isa = PBXFileReference; lastKnownFileType = sourcecode.swift; path = OwnerManageStaffTopView.swift; sourceTree = "<group>"; };
		7FFA0C79296BDF7000E2BC27 /* OwnerManageWorkerTopView.swift */ = {isa = PBXFileReference; lastKnownFileType = sourcecode.swift; path = OwnerManageWorkerTopView.swift; sourceTree = "<group>"; };
		7FFA0C7B296BDFD200E2BC27 /* OwnerTopView.swift */ = {isa = PBXFileReference; lastKnownFileType = sourcecode.swift; path = OwnerTopView.swift; sourceTree = "<group>"; };
		7FFA0C7E296BE1E100E2BC27 /* AltimatorManager.swift */ = {isa = PBXFileReference; lastKnownFileType = sourcecode.swift; path = AltimatorManager.swift; sourceTree = "<group>"; };
		7FFA0CCD296BFAD400E2BC27 /* OwnerTopCore.swift */ = {isa = PBXFileReference; lastKnownFileType = sourcecode.swift; path = OwnerTopCore.swift; sourceTree = "<group>"; };
		7FFA0CCF296BFB6600E2BC27 /* OwnerSettingTopCore.swift */ = {isa = PBXFileReference; lastKnownFileType = sourcecode.swift; path = OwnerSettingTopCore.swift; sourceTree = "<group>"; };
		7FFA0CD1296C00AF00E2BC27 /* Constants.swift */ = {isa = PBXFileReference; lastKnownFileType = sourcecode.swift; path = Constants.swift; sourceTree = "<group>"; };
		7FFA0CD3296C019A00E2BC27 /* OwnerSettingOperatingTimeView.swift */ = {isa = PBXFileReference; lastKnownFileType = sourcecode.swift; path = OwnerSettingOperatingTimeView.swift; sourceTree = "<group>"; };
		7FFA0CD5296C01DC00E2BC27 /* CommonText.swift */ = {isa = PBXFileReference; lastKnownFileType = sourcecode.swift; path = CommonText.swift; sourceTree = "<group>"; };
		7FFA0CD7296C03F800E2BC27 /* OwnerSettingPressureView.swift */ = {isa = PBXFileReference; lastKnownFileType = sourcecode.swift; path = OwnerSettingPressureView.swift; sourceTree = "<group>"; };
		7FFA0CD9296C053700E2BC27 /* OwnerSettingSubscriptionView.swift */ = {isa = PBXFileReference; lastKnownFileType = sourcecode.swift; path = OwnerSettingSubscriptionView.swift; sourceTree = "<group>"; };
		7FFA0CDB296C0BB500E2BC27 /* FirebaseUIView.swift */ = {isa = PBXFileReference; lastKnownFileType = sourcecode.swift; path = FirebaseUIView.swift; sourceTree = "<group>"; };
		7FFA0CDF296C47CD00E2BC27 /* GoogleService-Info.plist */ = {isa = PBXFileReference; fileEncoding = 4; lastKnownFileType = text.plist.xml; path = "GoogleService-Info.plist"; sourceTree = "<group>"; };
		7FFA0CE1296C50C200E2BC27 /* Info.plist */ = {isa = PBXFileReference; lastKnownFileType = text.plist; path = Info.plist; sourceTree = "<group>"; };
		7FFA0CE2297048BE00E2BC27 /* QRCodeGenerator.swift */ = {isa = PBXFileReference; lastKnownFileType = sourcecode.swift; path = QRCodeGenerator.swift; sourceTree = "<group>"; };
		7FFA0CE429705D1900E2BC27 /* QrCodeScannerView.swift */ = {isa = PBXFileReference; lastKnownFileType = sourcecode.swift; path = QrCodeScannerView.swift; sourceTree = "<group>"; };
		7FFA0CE72972EE8C00E2BC27 /* Message.swift */ = {isa = PBXFileReference; lastKnownFileType = sourcecode.swift; path = Message.swift; sourceTree = "<group>"; };
		7FFA0CE92972EF5000E2BC27 /* MessageBubble.swift */ = {isa = PBXFileReference; lastKnownFileType = sourcecode.swift; path = MessageBubble.swift; sourceTree = "<group>"; };
		7FFA0CEB2972F1DC00E2BC27 /* MessageField.swift */ = {isa = PBXFileReference; lastKnownFileType = sourcecode.swift; path = MessageField.swift; sourceTree = "<group>"; };
		7FFA0CF02972F2C500E2BC27 /* MessagesManager.swift */ = {isa = PBXFileReference; lastKnownFileType = sourcecode.swift; path = MessagesManager.swift; sourceTree = "<group>"; };
		7FFA0CF2297437B700E2BC27 /* OwnerChatTopView.swift */ = {isa = PBXFileReference; lastKnownFileType = sourcecode.swift; path = OwnerChatTopView.swift; sourceTree = "<group>"; };
		7FFA0CF42976EA5700E2BC27 /* OwnerManageStaffCellView.swift */ = {isa = PBXFileReference; lastKnownFileType = sourcecode.swift; path = OwnerManageStaffCellView.swift; sourceTree = "<group>"; };
		7FFA0CF62976EBEB00E2BC27 /* OwnerManageWorkerCellView.swift */ = {isa = PBXFileReference; lastKnownFileType = sourcecode.swift; path = OwnerManageWorkerCellView.swift; sourceTree = "<group>"; };
		7FFA0CF82978353B00E2BC27 /* OwnerChatTalkListView.swift */ = {isa = PBXFileReference; lastKnownFileType = sourcecode.swift; path = OwnerChatTalkListView.swift; sourceTree = "<group>"; };
		7FFA0CFA2978370D00E2BC27 /* Worker.swift */ = {isa = PBXFileReference; lastKnownFileType = sourcecode.swift; path = Worker.swift; sourceTree = "<group>"; };
		7FFA0CFC297BE3EB00E2BC27 /* OwnerRegisterWorkerView.swift */ = {isa = PBXFileReference; lastKnownFileType = sourcecode.swift; path = OwnerRegisterWorkerView.swift; sourceTree = "<group>"; };
		7FFA0CFE297BF12200E2BC27 /* OwnerManagerWorkerQRCodeView.swift */ = {isa = PBXFileReference; lastKnownFileType = sourcecode.swift; path = OwnerManagerWorkerQRCodeView.swift; sourceTree = "<group>"; };
		7FFA0D00297C257800E2BC27 /* OwnerQrScanCore.swift */ = {isa = PBXFileReference; lastKnownFileType = sourcecode.swift; path = OwnerQrScanCore.swift; sourceTree = "<group>"; };
		7FFA0D02297C2A8E00E2BC27 /* OwnerScanQrCodeView.swift */ = {isa = PBXFileReference; lastKnownFileType = sourcecode.swift; path = OwnerScanQrCodeView.swift; sourceTree = "<group>"; };
		7FFA0D04298026B800E2BC27 /* Owner.swift */ = {isa = PBXFileReference; lastKnownFileType = sourcecode.swift; path = Owner.swift; sourceTree = "<group>"; };
/* End PBXFileReference section */

/* Begin PBXFrameworksBuildPhase section */
		7FFA0C5C296BDC2700E2BC27 /* Frameworks */ = {
			isa = PBXFrameworksBuildPhase;
			buildActionMask = 2147483647;
			files = (
				7F50FA1729F8F1C800CD3CA6 /* FirebaseEmailAuthUI in Frameworks */,
				7FFA0C72296BDE7200E2BC27 /* ComposableArchitecture in Frameworks */,
				7FFA0C8D296BF41400E2BC27 /* FirebaseFirestoreCombine-Community in Frameworks */,
				7FFA0C82296BF1AB00E2BC27 /* FirebaseAuthUI in Frameworks */,
				7FFA0C91296BF41500E2BC27 /* FirebaseFunctionsCombine-Community in Frameworks */,
				7FFA0C8F296BF41400E2BC27 /* FirebaseFunctions in Frameworks */,
				7FFA0CEF2972F2A400E2BC27 /* FirebaseFirestoreSwift in Frameworks */,
				7FFA0C86296BF1AB00E2BC27 /* FirebaseOAuthUI in Frameworks */,
				7FFA0C89296BF41300E2BC27 /* FirebaseCrashlytics in Frameworks */,
				7FFA0C84296BF1AB00E2BC27 /* FirebaseGoogleAuthUI in Frameworks */,
				7FFA0C74296BDE7200E2BC27 /* Dependencies in Frameworks */,
				7FFA0C8B296BF41300E2BC27 /* FirebaseFirestore in Frameworks */,
			);
			runOnlyForDeploymentPostprocessing = 0;
		};
/* End PBXFrameworksBuildPhase section */

/* Begin PBXGroup section */
		7F2B229029AB8DF000618B4A /* DatePicker */ = {
			isa = PBXGroup;
			children = (
				7F2B229129AB8E1100618B4A /* DatePickerView.swift */,
			);
			path = DatePicker;
			sourceTree = "<group>";
		};
		7F50FA1329F7E28D00CD3CA6 /* Extension */ = {
			isa = PBXGroup;
			children = (
				7F50FA1429F7E2A700CD3CA6 /* UserDefault+Ext.swift */,
			);
			path = Extension;
			sourceTree = "<group>";
		};
		7F6593EB29953287006C2E61 /* Setting */ = {
			isa = PBXGroup;
			children = (
				7FFA0C75296BDF3300E2BC27 /* OwnerSettingTopView.swift */,
				7FFA0CD3296C019A00E2BC27 /* OwnerSettingOperatingTimeView.swift */,
				7FFA0CD7296C03F800E2BC27 /* OwnerSettingPressureView.swift */,
				7FFA0CD9296C053700E2BC27 /* OwnerSettingSubscriptionView.swift */,
			);
			path = Setting;
			sourceTree = "<group>";
		};
		7F6593EC29953296006C2E61 /* Worker */ = {
			isa = PBXGroup;
			children = (
				7FFA0CFE297BF12200E2BC27 /* OwnerManagerWorkerQRCodeView.swift */,
				7FFA0C79296BDF7000E2BC27 /* OwnerManageWorkerTopView.swift */,
				7FFA0CF62976EBEB00E2BC27 /* OwnerManageWorkerCellView.swift */,
			);
			path = Worker;
			sourceTree = "<group>";
		};
		7F6593ED299532AF006C2E61 /* Manager */ = {
			isa = PBXGroup;
			children = (
				7FFA0CF42976EA5700E2BC27 /* OwnerManageStaffCellView.swift */,
				7FFA0C77296BDF5B00E2BC27 /* OwnerManageStaffTopView.swift */,
			);
			path = Manager;
			sourceTree = "<group>";
		};
		7F6593EE29990EDA006C2E61 /* Pulse */ = {
			isa = PBXGroup;
			children = (
				7F6593EF29990EF9006C2E61 /* Pulse Detectoer Helpers */,
				7F6593F029990F03006C2E61 /* Managers */,
				7F6593F129990F1F006C2E61 /* Utilities */,
				7F6593FA2999100F006C2E61 /* PulseViewController.swift */,
				7F6593FC29991124006C2E61 /* AVCaptureDevice+Ext.swift */,
			);
			path = Pulse;
			sourceTree = "<group>";
		};
		7F6593EF29990EF9006C2E61 /* Pulse Detectoer Helpers */ = {
			isa = PBXGroup;
			children = (
				7F6593F229990F5B006C2E61 /* Filter.swift */,
				7F6593F429990F8C006C2E61 /* PulseDetector.swift */,
			);
			path = "Pulse Detectoer Helpers";
			sourceTree = "<group>";
		};
		7F6593F029990F03006C2E61 /* Managers */ = {
			isa = PBXGroup;
			children = (
				7F6593F629990FBA006C2E61 /* HeartRateManager.swift */,
			);
			path = Managers;
			sourceTree = "<group>";
		};
		7F6593F129990F1F006C2E61 /* Utilities */ = {
			isa = PBXGroup;
			children = (
				7F6593F829990FDF006C2E61 /* ColorUtils.swift */,
			);
			path = Utilities;
			sourceTree = "<group>";
		};
		7FFA0C56296BDC2600E2BC27 = {
			isa = PBXGroup;
			children = (
				7FFA0C61296BDC2700E2BC27 /* OwnerCommunicationHelperApp */,
				7FFA0C60296BDC2700E2BC27 /* Products */,
				7FFA0CED2972F2A400E2BC27 /* Frameworks */,
			);
			sourceTree = "<group>";
		};
		7FFA0C60296BDC2700E2BC27 /* Products */ = {
			isa = PBXGroup;
			children = (
				7FFA0C5F296BDC2700E2BC27 /* OwnerCommunicationHelperApp.app */,
			);
			name = Products;
			sourceTree = "<group>";
		};
		7FFA0C61296BDC2700E2BC27 /* OwnerCommunicationHelperApp */ = {
			isa = PBXGroup;
			children = (
				7F50FA1329F7E28D00CD3CA6 /* Extension */,
				7F6593EA298BF02B006C2E61 /* OwnerCommunicationHelperApp.entitlements */,
				7FFA0CE1296C50C200E2BC27 /* Info.plist */,
				7FFA0CDF296C47CD00E2BC27 /* GoogleService-Info.plist */,
				7FFA0CCC296BFA5800E2BC27 /* Core */,
				7FFA0CCB296BFA4D00E2BC27 /* View */,
				7FFA0C7D296BE12000E2BC27 /* FunctionalParts */,
				7FFA0C62296BDC2700E2BC27 /* OwnerCommunicationHelperAppApp.swift */,
				7FFA0C64296BDC2700E2BC27 /* ContentView.swift */,
				7F83F6D42A0DD85E007EA661 /* Key.swift */,
				7FFA0CFA2978370D00E2BC27 /* Worker.swift */,
				7FFA0D04298026B800E2BC27 /* Owner.swift */,
				7FFA0C66296BDC3200E2BC27 /* Assets.xcassets */,
				7FFA0C68296BDC3200E2BC27 /* Preview Content */,
				7FFA0CD1296C00AF00E2BC27 /* Constants.swift */,
				7FFA0CD5296C01DC00E2BC27 /* CommonText.swift */,
			);
			path = OwnerCommunicationHelperApp;
			sourceTree = "<group>";
		};
		7FFA0C68296BDC3200E2BC27 /* Preview Content */ = {
			isa = PBXGroup;
			children = (
				7FFA0C69296BDC3200E2BC27 /* Preview Assets.xcassets */,
			);
			path = "Preview Content";
			sourceTree = "<group>";
		};
		7FFA0C7D296BE12000E2BC27 /* FunctionalParts */ = {
			isa = PBXGroup;
			children = (
				7F2B229029AB8DF000618B4A /* DatePicker */,
				7F6593EE29990EDA006C2E61 /* Pulse */,
				7FFA0CE62972EC1A00E2BC27 /* Chat */,
				7FFA0C7E296BE1E100E2BC27 /* AltimatorManager.swift */,
				7FFA0CE2297048BE00E2BC27 /* QRCodeGenerator.swift */,
				7FFA0CE429705D1900E2BC27 /* QrCodeScannerView.swift */,
			);
			path = FunctionalParts;
			sourceTree = "<group>";
		};
		7FFA0CCB296BFA4D00E2BC27 /* View */ = {
			isa = PBXGroup;
			children = (
				7F6593EB29953287006C2E61 /* Setting */,
				7F6593ED299532AF006C2E61 /* Manager */,
				7F6593EC29953296006C2E61 /* Worker */,
				7FFA0C7B296BDFD200E2BC27 /* OwnerTopView.swift */,
				7FFA0CF2297437B700E2BC27 /* OwnerChatTopView.swift */,
				7FFA0CF82978353B00E2BC27 /* OwnerChatTalkListView.swift */,
				7FFA0D02297C2A8E00E2BC27 /* OwnerScanQrCodeView.swift */,
				7F84598629E4595500464BD9 /* OwnerSelectRegisterView.swift */,
				7F50FA1829F8F82200CD3CA6 /* OwnerRegisterNewOwnerSettingView.swift */,
				7FFA0CFC297BE3EB00E2BC27 /* OwnerRegisterWorkerView.swift */,
				7F2B229329DC644D00618B4A /* OwnerRegisterDeviceView.swift */,
				7FFA0CDB296C0BB500E2BC27 /* FirebaseUIView.swift */,
			);
			path = View;
			sourceTree = "<group>";
		};
		7FFA0CCC296BFA5800E2BC27 /* Core */ = {
			isa = PBXGroup;
			children = (
				7FFA0CCD296BFAD400E2BC27 /* OwnerTopCore.swift */,
				7FFA0CCF296BFB6600E2BC27 /* OwnerSettingTopCore.swift */,
				7FFA0D00297C257800E2BC27 /* OwnerQrScanCore.swift */,
			);
			path = Core;
			sourceTree = "<group>";
		};
		7FFA0CE62972EC1A00E2BC27 /* Chat */ = {
			isa = PBXGroup;
			children = (
				7FFA0CE72972EE8C00E2BC27 /* Message.swift */,
				7FFA0CE92972EF5000E2BC27 /* MessageBubble.swift */,
				7FFA0CEB2972F1DC00E2BC27 /* MessageField.swift */,
				7FFA0CF02972F2C500E2BC27 /* MessagesManager.swift */,
			);
			path = Chat;
			sourceTree = "<group>";
		};
		7FFA0CED2972F2A400E2BC27 /* Frameworks */ = {
			isa = PBXGroup;
			children = (
			);
			name = Frameworks;
			sourceTree = "<group>";
		};
/* End PBXGroup section */

/* Begin PBXNativeTarget section */
		7FFA0C5E296BDC2700E2BC27 /* OwnerCommunicationHelperApp */ = {
			isa = PBXNativeTarget;
			buildConfigurationList = 7FFA0C6D296BDC3200E2BC27 /* Build configuration list for PBXNativeTarget "OwnerCommunicationHelperApp" */;
			buildPhases = (
				7FFA0C5B296BDC2700E2BC27 /* Sources */,
				7FFA0C5C296BDC2700E2BC27 /* Frameworks */,
				7FFA0C5D296BDC2700E2BC27 /* Resources */,
			);
			buildRules = (
			);
			dependencies = (
			);
			name = OwnerCommunicationHelperApp;
			packageProductDependencies = (
				7FFA0C71296BDE7200E2BC27 /* ComposableArchitecture */,
				7FFA0C73296BDE7200E2BC27 /* Dependencies */,
				7FFA0C81296BF1AA00E2BC27 /* FirebaseAuthUI */,
				7FFA0C83296BF1AB00E2BC27 /* FirebaseGoogleAuthUI */,
				7FFA0C85296BF1AB00E2BC27 /* FirebaseOAuthUI */,
				7FFA0C88296BF41300E2BC27 /* FirebaseCrashlytics */,
				7FFA0C8A296BF41300E2BC27 /* FirebaseFirestore */,
				7FFA0C8C296BF41400E2BC27 /* FirebaseFirestoreCombine-Community */,
				7FFA0C8E296BF41400E2BC27 /* FirebaseFunctions */,
				7FFA0C90296BF41500E2BC27 /* FirebaseFunctionsCombine-Community */,
				7FFA0CEE2972F2A400E2BC27 /* FirebaseFirestoreSwift */,
				7F50FA1629F8F1C800CD3CA6 /* FirebaseEmailAuthUI */,
			);
			productName = OwnerCommunicationHelperApp;
			productReference = 7FFA0C5F296BDC2700E2BC27 /* OwnerCommunicationHelperApp.app */;
			productType = "com.apple.product-type.application";
		};
/* End PBXNativeTarget section */

/* Begin PBXProject section */
		7FFA0C57296BDC2600E2BC27 /* Project object */ = {
			isa = PBXProject;
			attributes = {
				BuildIndependentTargetsInParallel = 1;
				LastSwiftUpdateCheck = 1400;
				LastUpgradeCheck = 1400;
				TargetAttributes = {
					7FFA0C5E296BDC2700E2BC27 = {
						CreatedOnToolsVersion = 14.0;
					};
				};
			};
			buildConfigurationList = 7FFA0C5A296BDC2600E2BC27 /* Build configuration list for PBXProject "OwnerCommunicationHelperApp" */;
			compatibilityVersion = "Xcode 14.0";
			developmentRegion = en;
			hasScannedForEncodings = 0;
			knownRegions = (
				en,
				Base,
			);
			mainGroup = 7FFA0C56296BDC2600E2BC27;
			packageReferences = (
				7FFA0C70296BDE7200E2BC27 /* XCRemoteSwiftPackageReference "swift-composable-architecture" */,
				7FFA0C80296BF1AA00E2BC27 /* XCRemoteSwiftPackageReference "FirebaseUI-iOS" */,
				7FFA0C87296BF41300E2BC27 /* XCRemoteSwiftPackageReference "firebase-ios-sdk" */,
			);
			productRefGroup = 7FFA0C60296BDC2700E2BC27 /* Products */;
			projectDirPath = "";
			projectRoot = "";
			targets = (
				7FFA0C5E296BDC2700E2BC27 /* OwnerCommunicationHelperApp */,
			);
		};
/* End PBXProject section */

/* Begin PBXResourcesBuildPhase section */
		7FFA0C5D296BDC2700E2BC27 /* Resources */ = {
			isa = PBXResourcesBuildPhase;
			buildActionMask = 2147483647;
			files = (
				7FFA0C6A296BDC3200E2BC27 /* Preview Assets.xcassets in Resources */,
				7FFA0C67296BDC3200E2BC27 /* Assets.xcassets in Resources */,
				7FFA0CE0296C47D100E2BC27 /* GoogleService-Info.plist in Resources */,
			);
			runOnlyForDeploymentPostprocessing = 0;
		};
/* End PBXResourcesBuildPhase section */

/* Begin PBXSourcesBuildPhase section */
		7FFA0C5B296BDC2700E2BC27 /* Sources */ = {
			isa = PBXSourcesBuildPhase;
			buildActionMask = 2147483647;
			files = (
				7F6593FB2999100F006C2E61 /* PulseViewController.swift in Sources */,
				7FFA0CE529705D1900E2BC27 /* QrCodeScannerView.swift in Sources */,
				7F6593F929990FDF006C2E61 /* ColorUtils.swift in Sources */,
				7F50FA1929F8F82200CD3CA6 /* OwnerRegisterNewOwnerSettingView.swift in Sources */,
				7FFA0CFB2978370D00E2BC27 /* Worker.swift in Sources */,
				7FFA0CFF297BF12200E2BC27 /* OwnerManagerWorkerQRCodeView.swift in Sources */,
				7FFA0CF92978353B00E2BC27 /* OwnerChatTalkListView.swift in Sources */,
				7FFA0C7A296BDF7000E2BC27 /* OwnerManageWorkerTopView.swift in Sources */,
				7FFA0CEC2972F1DC00E2BC27 /* MessageField.swift in Sources */,
				7F2B229229AB8E1100618B4A /* DatePickerView.swift in Sources */,
				7FFA0CF72976EBEB00E2BC27 /* OwnerManageWorkerCellView.swift in Sources */,
				7F50FA1529F7E2A700CD3CA6 /* UserDefault+Ext.swift in Sources */,
				7FFA0C76296BDF3300E2BC27 /* OwnerSettingTopView.swift in Sources */,
				7FFA0CE82972EE8C00E2BC27 /* Message.swift in Sources */,
				7F6593F529990F8C006C2E61 /* PulseDetector.swift in Sources */,
				7F6593FD29991124006C2E61 /* AVCaptureDevice+Ext.swift in Sources */,
				7FFA0CD4296C019A00E2BC27 /* OwnerSettingOperatingTimeView.swift in Sources */,
				7FFA0CDC296C0BB500E2BC27 /* FirebaseUIView.swift in Sources */,
				7F2B229429DC644E00618B4A /* OwnerRegisterDeviceView.swift in Sources */,
				7FFA0D03297C2A8E00E2BC27 /* OwnerScanQrCodeView.swift in Sources */,
				7FFA0C65296BDC2700E2BC27 /* ContentView.swift in Sources */,
				7F6593F329990F5B006C2E61 /* Filter.swift in Sources */,
				7FFA0CE3297048BF00E2BC27 /* QRCodeGenerator.swift in Sources */,
				7FFA0C78296BDF5B00E2BC27 /* OwnerManageStaffTopView.swift in Sources */,
				7FFA0CCE296BFAD400E2BC27 /* OwnerTopCore.swift in Sources */,
				7FFA0CDA296C053700E2BC27 /* OwnerSettingSubscriptionView.swift in Sources */,
				7FFA0CF3297437B700E2BC27 /* OwnerChatTopView.swift in Sources */,
				7FFA0CD2296C00AF00E2BC27 /* Constants.swift in Sources */,
				7FFA0CEA2972EF5000E2BC27 /* MessageBubble.swift in Sources */,
				7F84598729E4595500464BD9 /* OwnerSelectRegisterView.swift in Sources */,
				7F6593F729990FBA006C2E61 /* HeartRateManager.swift in Sources */,
				7FFA0D01297C257800E2BC27 /* OwnerQrScanCore.swift in Sources */,
				7FFA0C7C296BDFD200E2BC27 /* OwnerTopView.swift in Sources */,
				7FFA0CF52976EA5700E2BC27 /* OwnerManageStaffCellView.swift in Sources */,
				7FFA0CD0296BFB6600E2BC27 /* OwnerSettingTopCore.swift in Sources */,
				7FFA0CD6296C01DC00E2BC27 /* CommonText.swift in Sources */,
				7FFA0D05298026B800E2BC27 /* Owner.swift in Sources */,
				7F83F6D52A0DD85E007EA661 /* Key.swift in Sources */,
				7FFA0C63296BDC2700E2BC27 /* OwnerCommunicationHelperAppApp.swift in Sources */,
				7FFA0C7F296BE1E100E2BC27 /* AltimatorManager.swift in Sources */,
				7FFA0CD8296C03F800E2BC27 /* OwnerSettingPressureView.swift in Sources */,
				7FFA0CF12972F2C500E2BC27 /* MessagesManager.swift in Sources */,
				7FFA0CFD297BE3EC00E2BC27 /* OwnerRegisterWorkerView.swift in Sources */,
			);
			runOnlyForDeploymentPostprocessing = 0;
		};
/* End PBXSourcesBuildPhase section */

/* Begin XCBuildConfiguration section */
		7FFA0C6B296BDC3200E2BC27 /* Debug */ = {
			isa = XCBuildConfiguration;
			buildSettings = {
				ALWAYS_SEARCH_USER_PATHS = NO;
				CLANG_ANALYZER_NONNULL = YES;
				CLANG_ANALYZER_NUMBER_OBJECT_CONVERSION = YES_AGGRESSIVE;
				CLANG_CXX_LANGUAGE_STANDARD = "gnu++20";
				CLANG_ENABLE_MODULES = YES;
				CLANG_ENABLE_OBJC_ARC = YES;
				CLANG_ENABLE_OBJC_WEAK = YES;
				CLANG_WARN_BLOCK_CAPTURE_AUTORELEASING = YES;
				CLANG_WARN_BOOL_CONVERSION = YES;
				CLANG_WARN_COMMA = YES;
				CLANG_WARN_CONSTANT_CONVERSION = YES;
				CLANG_WARN_DEPRECATED_OBJC_IMPLEMENTATIONS = YES;
				CLANG_WARN_DIRECT_OBJC_ISA_USAGE = YES_ERROR;
				CLANG_WARN_DOCUMENTATION_COMMENTS = YES;
				CLANG_WARN_EMPTY_BODY = YES;
				CLANG_WARN_ENUM_CONVERSION = YES;
				CLANG_WARN_INFINITE_RECURSION = YES;
				CLANG_WARN_INT_CONVERSION = YES;
				CLANG_WARN_NON_LITERAL_NULL_CONVERSION = YES;
				CLANG_WARN_OBJC_IMPLICIT_RETAIN_SELF = YES;
				CLANG_WARN_OBJC_LITERAL_CONVERSION = YES;
				CLANG_WARN_OBJC_ROOT_CLASS = YES_ERROR;
				CLANG_WARN_QUOTED_INCLUDE_IN_FRAMEWORK_HEADER = YES;
				CLANG_WARN_RANGE_LOOP_ANALYSIS = YES;
				CLANG_WARN_STRICT_PROTOTYPES = YES;
				CLANG_WARN_SUSPICIOUS_MOVE = YES;
				CLANG_WARN_UNGUARDED_AVAILABILITY = YES_AGGRESSIVE;
				CLANG_WARN_UNREACHABLE_CODE = YES;
				CLANG_WARN__DUPLICATE_METHOD_MATCH = YES;
				COPY_PHASE_STRIP = NO;
				DEBUG_INFORMATION_FORMAT = dwarf;
				ENABLE_STRICT_OBJC_MSGSEND = YES;
				ENABLE_TESTABILITY = YES;
				GCC_C_LANGUAGE_STANDARD = gnu11;
				GCC_DYNAMIC_NO_PIC = NO;
				GCC_NO_COMMON_BLOCKS = YES;
				GCC_OPTIMIZATION_LEVEL = 0;
				GCC_PREPROCESSOR_DEFINITIONS = (
					"DEBUG=1",
					"$(inherited)",
				);
				GCC_WARN_64_TO_32_BIT_CONVERSION = YES;
				GCC_WARN_ABOUT_RETURN_TYPE = YES_ERROR;
				GCC_WARN_UNDECLARED_SELECTOR = YES;
				GCC_WARN_UNINITIALIZED_AUTOS = YES_AGGRESSIVE;
				GCC_WARN_UNUSED_FUNCTION = YES;
				GCC_WARN_UNUSED_VARIABLE = YES;
				IPHONEOS_DEPLOYMENT_TARGET = 15.0;
				MTL_ENABLE_DEBUG_INFO = INCLUDE_SOURCE;
				MTL_FAST_MATH = YES;
				ONLY_ACTIVE_ARCH = YES;
				SDKROOT = iphoneos;
				SWIFT_ACTIVE_COMPILATION_CONDITIONS = DEBUG;
				SWIFT_OPTIMIZATION_LEVEL = "-Onone";
			};
			name = Debug;
		};
		7FFA0C6C296BDC3200E2BC27 /* Release */ = {
			isa = XCBuildConfiguration;
			buildSettings = {
				ALWAYS_SEARCH_USER_PATHS = NO;
				CLANG_ANALYZER_NONNULL = YES;
				CLANG_ANALYZER_NUMBER_OBJECT_CONVERSION = YES_AGGRESSIVE;
				CLANG_CXX_LANGUAGE_STANDARD = "gnu++20";
				CLANG_ENABLE_MODULES = YES;
				CLANG_ENABLE_OBJC_ARC = YES;
				CLANG_ENABLE_OBJC_WEAK = YES;
				CLANG_WARN_BLOCK_CAPTURE_AUTORELEASING = YES;
				CLANG_WARN_BOOL_CONVERSION = YES;
				CLANG_WARN_COMMA = YES;
				CLANG_WARN_CONSTANT_CONVERSION = YES;
				CLANG_WARN_DEPRECATED_OBJC_IMPLEMENTATIONS = YES;
				CLANG_WARN_DIRECT_OBJC_ISA_USAGE = YES_ERROR;
				CLANG_WARN_DOCUMENTATION_COMMENTS = YES;
				CLANG_WARN_EMPTY_BODY = YES;
				CLANG_WARN_ENUM_CONVERSION = YES;
				CLANG_WARN_INFINITE_RECURSION = YES;
				CLANG_WARN_INT_CONVERSION = YES;
				CLANG_WARN_NON_LITERAL_NULL_CONVERSION = YES;
				CLANG_WARN_OBJC_IMPLICIT_RETAIN_SELF = YES;
				CLANG_WARN_OBJC_LITERAL_CONVERSION = YES;
				CLANG_WARN_OBJC_ROOT_CLASS = YES_ERROR;
				CLANG_WARN_QUOTED_INCLUDE_IN_FRAMEWORK_HEADER = YES;
				CLANG_WARN_RANGE_LOOP_ANALYSIS = YES;
				CLANG_WARN_STRICT_PROTOTYPES = YES;
				CLANG_WARN_SUSPICIOUS_MOVE = YES;
				CLANG_WARN_UNGUARDED_AVAILABILITY = YES_AGGRESSIVE;
				CLANG_WARN_UNREACHABLE_CODE = YES;
				CLANG_WARN__DUPLICATE_METHOD_MATCH = YES;
				COPY_PHASE_STRIP = NO;
				DEBUG_INFORMATION_FORMAT = "dwarf-with-dsym";
				ENABLE_NS_ASSERTIONS = NO;
				ENABLE_STRICT_OBJC_MSGSEND = YES;
				GCC_C_LANGUAGE_STANDARD = gnu11;
				GCC_NO_COMMON_BLOCKS = YES;
				GCC_WARN_64_TO_32_BIT_CONVERSION = YES;
				GCC_WARN_ABOUT_RETURN_TYPE = YES_ERROR;
				GCC_WARN_UNDECLARED_SELECTOR = YES;
				GCC_WARN_UNINITIALIZED_AUTOS = YES_AGGRESSIVE;
				GCC_WARN_UNUSED_FUNCTION = YES;
				GCC_WARN_UNUSED_VARIABLE = YES;
				IPHONEOS_DEPLOYMENT_TARGET = 15.0;
				MTL_ENABLE_DEBUG_INFO = NO;
				MTL_FAST_MATH = YES;
				SDKROOT = iphoneos;
				SWIFT_COMPILATION_MODE = wholemodule;
				SWIFT_OPTIMIZATION_LEVEL = "-O";
				VALIDATE_PRODUCT = YES;
			};
			name = Release;
		};
		7FFA0C6E296BDC3200E2BC27 /* Debug */ = {
			isa = XCBuildConfiguration;
			buildSettings = {
				ASSETCATALOG_COMPILER_APPICON_NAME = AppIcon;
				ASSETCATALOG_COMPILER_GLOBAL_ACCENT_COLOR_NAME = AccentColor;
				CODE_SIGN_ENTITLEMENTS = OwnerCommunicationHelperApp/OwnerCommunicationHelperApp.entitlements;
				CODE_SIGN_IDENTITY = "Apple Development";
				"CODE_SIGN_IDENTITY[sdk=iphoneos*]" = "iPhone Developer";
				CODE_SIGN_STYLE = Manual;
				CURRENT_PROJECT_VERSION = 5;
				DEVELOPMENT_ASSET_PATHS = "\"OwnerCommunicationHelperApp/Preview Content\"";
				DEVELOPMENT_TEAM = "";
				"DEVELOPMENT_TEAM[sdk=iphoneos*]" = K6FA22KGKX;
				ENABLE_PREVIEWS = YES;
				GENERATE_INFOPLIST_FILE = YES;
				INFOPLIST_FILE = OwnerCommunicationHelperApp/Info.plist;
				INFOPLIST_KEY_NSCameraUsageDescription = "To Read QR Code and Pulse";
				INFOPLIST_KEY_UIApplicationSceneManifest_Generation = YES;
				INFOPLIST_KEY_UIApplicationSupportsIndirectInputEvents = YES;
				INFOPLIST_KEY_UILaunchScreen_Generation = YES;
				INFOPLIST_KEY_UISupportedInterfaceOrientations = UIInterfaceOrientationPortrait;
				IPHONEOS_DEPLOYMENT_TARGET = 15.0;
				LD_RUNPATH_SEARCH_PATHS = (
					"$(inherited)",
					"@executable_path/Frameworks",
				);
				MARKETING_VERSION = 0.0.2;
				PRODUCT_BUNDLE_IDENTIFIER = com.withios.OwnerCommunicationHelperApp;
				PRODUCT_NAME = "$(TARGET_NAME)";
				PROVISIONING_PROFILE_SPECIFIER = "";
				"PROVISIONING_PROFILE_SPECIFIER[sdk=iphoneos*]" = OwnerCommunicationHelperApp;
				SUPPORTED_PLATFORMS = "iphoneos iphonesimulator";
				SUPPORTS_MACCATALYST = NO;
				SUPPORTS_MAC_DESIGNED_FOR_IPHONE_IPAD = NO;
				SWIFT_EMIT_LOC_STRINGS = YES;
				SWIFT_VERSION = 5.0;
				TARGETED_DEVICE_FAMILY = 1;
			};
			name = Debug;
		};
		7FFA0C6F296BDC3200E2BC27 /* Release */ = {
			isa = XCBuildConfiguration;
			buildSettings = {
				ASSETCATALOG_COMPILER_APPICON_NAME = AppIcon;
				ASSETCATALOG_COMPILER_GLOBAL_ACCENT_COLOR_NAME = AccentColor;
				CODE_SIGN_ENTITLEMENTS = OwnerCommunicationHelperApp/OwnerCommunicationHelperApp.entitlements;
				CODE_SIGN_IDENTITY = "Apple Development";
				"CODE_SIGN_IDENTITY[sdk=iphoneos*]" = "iPhone Developer";
				CODE_SIGN_STYLE = Manual;
				CURRENT_PROJECT_VERSION = 5;
				DEVELOPMENT_ASSET_PATHS = "\"OwnerCommunicationHelperApp/Preview Content\"";
				DEVELOPMENT_TEAM = "";
				"DEVELOPMENT_TEAM[sdk=iphoneos*]" = K6FA22KGKX;
				ENABLE_PREVIEWS = YES;
				GENERATE_INFOPLIST_FILE = YES;
				INFOPLIST_FILE = OwnerCommunicationHelperApp/Info.plist;
				INFOPLIST_KEY_NSCameraUsageDescription = "To Read QR Code and Pulse";
				INFOPLIST_KEY_UIApplicationSceneManifest_Generation = YES;
				INFOPLIST_KEY_UIApplicationSupportsIndirectInputEvents = YES;
				INFOPLIST_KEY_UILaunchScreen_Generation = YES;
				INFOPLIST_KEY_UISupportedInterfaceOrientations = UIInterfaceOrientationPortrait;
				IPHONEOS_DEPLOYMENT_TARGET = 15.0;
				LD_RUNPATH_SEARCH_PATHS = (
					"$(inherited)",
					"@executable_path/Frameworks",
				);
				MARKETING_VERSION = 0.0.2;
				PRODUCT_BUNDLE_IDENTIFIER = com.withios.OwnerCommunicationHelperApp;
				PRODUCT_NAME = "$(TARGET_NAME)";
				PROVISIONING_PROFILE_SPECIFIER = "";
				"PROVISIONING_PROFILE_SPECIFIER[sdk=iphoneos*]" = OwnerCommunicationHelperApp;
				SUPPORTED_PLATFORMS = "iphoneos iphonesimulator";
				SUPPORTS_MACCATALYST = NO;
				SUPPORTS_MAC_DESIGNED_FOR_IPHONE_IPAD = NO;
				SWIFT_EMIT_LOC_STRINGS = YES;
				SWIFT_VERSION = 5.0;
				TARGETED_DEVICE_FAMILY = 1;
			};
			name = Release;
		};
/* End XCBuildConfiguration section */

/* Begin XCConfigurationList section */
		7FFA0C5A296BDC2600E2BC27 /* Build configuration list for PBXProject "OwnerCommunicationHelperApp" */ = {
			isa = XCConfigurationList;
			buildConfigurations = (
				7FFA0C6B296BDC3200E2BC27 /* Debug */,
				7FFA0C6C296BDC3200E2BC27 /* Release */,
			);
			defaultConfigurationIsVisible = 0;
			defaultConfigurationName = Release;
		};
		7FFA0C6D296BDC3200E2BC27 /* Build configuration list for PBXNativeTarget "OwnerCommunicationHelperApp" */ = {
			isa = XCConfigurationList;
			buildConfigurations = (
				7FFA0C6E296BDC3200E2BC27 /* Debug */,
				7FFA0C6F296BDC3200E2BC27 /* Release */,
			);
			defaultConfigurationIsVisible = 0;
			defaultConfigurationName = Release;
		};
/* End XCConfigurationList section */

/* Begin XCRemoteSwiftPackageReference section */
		7FFA0C70296BDE7200E2BC27 /* XCRemoteSwiftPackageReference "swift-composable-architecture" */ = {
			isa = XCRemoteSwiftPackageReference;
			repositoryURL = "https://github.com/pointfreeco/swift-composable-architecture";
			requirement = {
				branch = main;
				kind = branch;
			};
		};
		7FFA0C80296BF1AA00E2BC27 /* XCRemoteSwiftPackageReference "FirebaseUI-iOS" */ = {
			isa = XCRemoteSwiftPackageReference;
			repositoryURL = "https://github.com/firebase/FirebaseUI-iOS.git";
			requirement = {
				branch = master;
				kind = branch;
			};
		};
		7FFA0C87296BF41300E2BC27 /* XCRemoteSwiftPackageReference "firebase-ios-sdk" */ = {
			isa = XCRemoteSwiftPackageReference;
			repositoryURL = "https://github.com/firebase/firebase-ios-sdk";
			requirement = {
				branch = master;
				kind = branch;
			};
		};
/* End XCRemoteSwiftPackageReference section */

/* Begin XCSwiftPackageProductDependency section */
		7F50FA1629F8F1C800CD3CA6 /* FirebaseEmailAuthUI */ = {
			isa = XCSwiftPackageProductDependency;
			package = 7FFA0C80296BF1AA00E2BC27 /* XCRemoteSwiftPackageReference "FirebaseUI-iOS" */;
			productName = FirebaseEmailAuthUI;
		};
		7FFA0C71296BDE7200E2BC27 /* ComposableArchitecture */ = {
			isa = XCSwiftPackageProductDependency;
			package = 7FFA0C70296BDE7200E2BC27 /* XCRemoteSwiftPackageReference "swift-composable-architecture" */;
			productName = ComposableArchitecture;
		};
		7FFA0C73296BDE7200E2BC27 /* Dependencies */ = {
			isa = XCSwiftPackageProductDependency;
			package = 7FFA0C70296BDE7200E2BC27 /* XCRemoteSwiftPackageReference "swift-composable-architecture" */;
			productName = Dependencies;
		};
		7FFA0C81296BF1AA00E2BC27 /* FirebaseAuthUI */ = {
			isa = XCSwiftPackageProductDependency;
			package = 7FFA0C80296BF1AA00E2BC27 /* XCRemoteSwiftPackageReference "FirebaseUI-iOS" */;
			productName = FirebaseAuthUI;
		};
		7FFA0C83296BF1AB00E2BC27 /* FirebaseGoogleAuthUI */ = {
			isa = XCSwiftPackageProductDependency;
			package = 7FFA0C80296BF1AA00E2BC27 /* XCRemoteSwiftPackageReference "FirebaseUI-iOS" */;
			productName = FirebaseGoogleAuthUI;
		};
		7FFA0C85296BF1AB00E2BC27 /* FirebaseOAuthUI */ = {
			isa = XCSwiftPackageProductDependency;
			package = 7FFA0C80296BF1AA00E2BC27 /* XCRemoteSwiftPackageReference "FirebaseUI-iOS" */;
			productName = FirebaseOAuthUI;
		};
		7FFA0C88296BF41300E2BC27 /* FirebaseCrashlytics */ = {
			isa = XCSwiftPackageProductDependency;
			package = 7FFA0C87296BF41300E2BC27 /* XCRemoteSwiftPackageReference "firebase-ios-sdk" */;
			productName = FirebaseCrashlytics;
		};
		7FFA0C8A296BF41300E2BC27 /* FirebaseFirestore */ = {
			isa = XCSwiftPackageProductDependency;
			package = 7FFA0C87296BF41300E2BC27 /* XCRemoteSwiftPackageReference "firebase-ios-sdk" */;
			productName = FirebaseFirestore;
		};
		7FFA0C8C296BF41400E2BC27 /* FirebaseFirestoreCombine-Community */ = {
			isa = XCSwiftPackageProductDependency;
			package = 7FFA0C87296BF41300E2BC27 /* XCRemoteSwiftPackageReference "firebase-ios-sdk" */;
			productName = "FirebaseFirestoreCombine-Community";
		};
		7FFA0C8E296BF41400E2BC27 /* FirebaseFunctions */ = {
			isa = XCSwiftPackageProductDependency;
			package = 7FFA0C87296BF41300E2BC27 /* XCRemoteSwiftPackageReference "firebase-ios-sdk" */;
			productName = FirebaseFunctions;
		};
		7FFA0C90296BF41500E2BC27 /* FirebaseFunctionsCombine-Community */ = {
			isa = XCSwiftPackageProductDependency;
			package = 7FFA0C87296BF41300E2BC27 /* XCRemoteSwiftPackageReference "firebase-ios-sdk" */;
			productName = "FirebaseFunctionsCombine-Community";
		};
		7FFA0CEE2972F2A400E2BC27 /* FirebaseFirestoreSwift */ = {
			isa = XCSwiftPackageProductDependency;
			package = 7FFA0C87296BF41300E2BC27 /* XCRemoteSwiftPackageReference "firebase-ios-sdk" */;
			productName = FirebaseFirestoreSwift;
		};
/* End XCSwiftPackageProductDependency section */
	};
	rootObject = 7FFA0C57296BDC2600E2BC27 /* Project object */;
}
